lockfileVersion: '9.0'

settings:
  autoInstallPeers: true
  excludeLinksFromLockfile: false

importers:

  .:
    dependencies:
      glob:
        specifier: ^11.0.0
        version: 11.0.1
    devDependencies:
      '@biomejs/biome':
        specifier: ^1.9.4
        version: 1.9.4
      '@playwright/test':
        specifier: ^1.51.1
        version: 1.51.1
      '@rsbuild/core':
        specifier: ^1.3.1
        version: 1.3.6
      '@rslib/core':
        specifier: ^0.6.1
        version: 0.6.3(typescript@5.8.3)
      '@types/node':
        specifier: ^22.13.14
        version: 22.14.1
      playwright:
        specifier: ^1.51.1
        version: 1.51.1
      simple-git-hooks:
        specifier: ^2.12.1
        version: 2.12.1
      typescript:
        specifier: ^5.8.2
        version: 5.8.3

  playground:
    dependencies:
      react:
        specifier: ^18.3.1
        version: 18.3.1
      react-dom:
        specifier: ^18.3.1
        version: 18.3.1(react@18.3.1)
    devDependencies:
      '@rsbuild/core':
        specifier: ^1.3.1
        version: 1.3.6
      '@rsbuild/plugin-react':
        specifier: ^1.2.0
        version: 1.2.0(@rsbuild/core@1.3.6)
      '@types/react':
        specifier: ^18.3.12
        version: 18.3.20
      '@types/react-dom':
        specifier: ^18.3.1
        version: 18.3.6(@types/react@18.3.20)
      rsbuild-plugin-rempa:
        specifier: workspace:*
        version: link:..
      typescript:
        specifier: ^5.6.3
        version: 5.8.3

packages:

  '@ast-grep/napi-darwin-arm64@0.36.3':
    resolution: {integrity: sha512-uM0Hrm5gcHqaBL64ktmPBFMTorTlPKWsUfi0E2Cg09GJfeYWvZmicCqgd7qVtjURmQvFQdb4JSqHIkJvws6Uqw==}
    engines: {node: '>= 10'}
    cpu: [arm64]
    os: [darwin]

  '@ast-grep/napi-darwin-x64@0.36.3':
    resolution: {integrity: sha512-wEMeQw8lRL66puG2m8m0kDRQDtubygj59HA/cmut2V5SPx/13BN3wuEk6JPv97gqGUCUGhG2+5Z6UZ/Ll2q01Q==}
    engines: {node: '>= 10'}
    cpu: [x64]
    os: [darwin]

  '@ast-grep/napi-linux-arm64-gnu@0.36.3':
    resolution: {integrity: sha512-sMsTMaUjW7SM8KPbLviCSBuM4zgJcwvie1yZI92HKSlFzC7ABe7X7UvyUREB+JwqccDVEL5yOJAjqB8eFSCizw==}
    engines: {node: '>= 10'}
    cpu: [arm64]
    os: [linux]
    libc: [glibc]

  '@ast-grep/napi-linux-arm64-musl@0.36.3':
    resolution: {integrity: sha512-2XRmNYuovZu0Pa4J3or4PKMkQZnXXfpVcCrPwWB/2ytX7XUo+TWLgYE8rPVnJOyw5zujkveFb0XUrro9mQgLzw==}
    engines: {node: '>= 10'}
    cpu: [arm64]
    os: [linux]
    libc: [musl]

  '@ast-grep/napi-linux-x64-gnu@0.36.3':
    resolution: {integrity: sha512-mTwPRbBi1feGqR2b5TWC5gkEDeRi8wfk4euF5sKNihfMGHj6pdfINHQ3QvLVO4C7z0r/wgWLAvditFA0b997dg==}
    engines: {node: '>= 10'}
    cpu: [x64]
    os: [linux]
    libc: [glibc]

  '@ast-grep/napi-linux-x64-musl@0.36.3':
    resolution: {integrity: sha512-tMGPrT+zuZzJK6n1cD1kOii7HYZE9gUXjwtVNE/uZqXEaWP6lmkfoTMbLjnxEe74VQbmaoDGh1/cjrDBnqC6Uw==}
    engines: {node: '>= 10'}
    cpu: [x64]
    os: [linux]
    libc: [musl]

  '@ast-grep/napi-win32-arm64-msvc@0.36.3':
    resolution: {integrity: sha512-7pFyr9+dyV+4cBJJ1I57gg6PDXP3GBQeVAsEEitzEruxx4Hb4cyNro54gGtlsS+6ty+N0t004tPQxYO2VrsPIg==}
    engines: {node: '>= 10'}
    cpu: [arm64]
    os: [win32]

  '@ast-grep/napi-win32-ia32-msvc@0.36.3':
    resolution: {integrity: sha512-MPAgccH9VscRaFuEBMzDGPS+3c4cKNVGIVJ7WSNa1nZtLQ0eFEaPJ7pyDnCezgVSxfNFVYBvKyyF/vcm7Qc9+A==}
    engines: {node: '>= 10'}
    cpu: [ia32]
    os: [win32]

  '@ast-grep/napi-win32-x64-msvc@0.36.3':
    resolution: {integrity: sha512-TIVtuSbXhty9kaSEfr4ULWx5PAuUeGgUkFaR60lmOs7sGTWgpig+suwKfTmevoAblFknCW/aMHOwziwJoUZA6A==}
    engines: {node: '>= 10'}
    cpu: [x64]
    os: [win32]

  '@ast-grep/napi@0.36.3':
    resolution: {integrity: sha512-ExypohE8L7FvKBHxu7UpwcV9XVfyS+AqNZKyKIfxYwJyD9l7Gw6pmMYd7J2uopJsPEIUf44/emEFds6nFUx/dw==}
    engines: {node: '>= 10'}

  '@biomejs/biome@1.9.4':
    resolution: {integrity: sha512-1rkd7G70+o9KkTn5KLmDYXihGoTaIGO9PIIN2ZB7UJxFrWw04CZHPYiMRjYsaDvVV7hP1dYNRLxSANLaBFGpog==}
    engines: {node: '>=14.21.3'}
    hasBin: true

  '@biomejs/cli-darwin-arm64@1.9.4':
    resolution: {integrity: sha512-bFBsPWrNvkdKrNCYeAp+xo2HecOGPAy9WyNyB/jKnnedgzl4W4Hb9ZMzYNbf8dMCGmUdSavlYHiR01QaYR58cw==}
    engines: {node: '>=14.21.3'}
    cpu: [arm64]
    os: [darwin]

  '@biomejs/cli-darwin-x64@1.9.4':
    resolution: {integrity: sha512-ngYBh/+bEedqkSevPVhLP4QfVPCpb+4BBe2p7Xs32dBgs7rh9nY2AIYUL6BgLw1JVXV8GlpKmb/hNiuIxfPfZg==}
    engines: {node: '>=14.21.3'}
    cpu: [x64]
    os: [darwin]

  '@biomejs/cli-linux-arm64-musl@1.9.4':
    resolution: {integrity: sha512-v665Ct9WCRjGa8+kTr0CzApU0+XXtRgwmzIf1SeKSGAv+2scAlW6JR5PMFo6FzqqZ64Po79cKODKf3/AAmECqA==}
    engines: {node: '>=14.21.3'}
    cpu: [arm64]
    os: [linux]
    libc: [musl]

  '@biomejs/cli-linux-arm64@1.9.4':
    resolution: {integrity: sha512-fJIW0+LYujdjUgJJuwesP4EjIBl/N/TcOX3IvIHJQNsAqvV2CHIogsmA94BPG6jZATS4Hi+xv4SkBBQSt1N4/g==}
    engines: {node: '>=14.21.3'}
    cpu: [arm64]
    os: [linux]
    libc: [glibc]

  '@biomejs/cli-linux-x64-musl@1.9.4':
    resolution: {integrity: sha512-gEhi/jSBhZ2m6wjV530Yy8+fNqG8PAinM3oV7CyO+6c3CEh16Eizm21uHVsyVBEB6RIM8JHIl6AGYCv6Q6Q9Tg==}
    engines: {node: '>=14.21.3'}
    cpu: [x64]
    os: [linux]
    libc: [musl]

  '@biomejs/cli-linux-x64@1.9.4':
    resolution: {integrity: sha512-lRCJv/Vi3Vlwmbd6K+oQ0KhLHMAysN8lXoCI7XeHlxaajk06u7G+UsFSO01NAs5iYuWKmVZjmiOzJ0OJmGsMwg==}
    engines: {node: '>=14.21.3'}
    cpu: [x64]
    os: [linux]
    libc: [glibc]

  '@biomejs/cli-win32-arm64@1.9.4':
    resolution: {integrity: sha512-tlbhLk+WXZmgwoIKwHIHEBZUwxml7bRJgk0X2sPyNR3S93cdRq6XulAZRQJ17FYGGzWne0fgrXBKpl7l4M87Hg==}
    engines: {node: '>=14.21.3'}
    cpu: [arm64]
    os: [win32]

  '@biomejs/cli-win32-x64@1.9.4':
    resolution: {integrity: sha512-8Y5wMhVIPaWe6jw2H+KlEm4wP/f7EW3810ZLmDlrEEy5KvBsb9ECEfu/kMWD484ijfQ8+nIi0giMgu9g1UAuuA==}
    engines: {node: '>=14.21.3'}
    cpu: [x64]
    os: [win32]

  '@isaacs/cliui@8.0.2':
    resolution: {integrity: sha512-O8jcjabXaleOG9DQ0+ARXWZBTfnP4WNAqzuiJK7ll44AmxGKv/J2M4TPjxjY3znBCfvBXFzucm1twdyFybFqEA==}
    engines: {node: '>=12'}

  '@jridgewell/sourcemap-codec@1.5.0':
    resolution: {integrity: sha512-gv3ZRaISU3fjPAgNsriBRqGWQL6quFx04YMPW/zD8XMLsU32mhCCbfbO6KZFLjvYpCZ8zyDEgqsgf+PwPaM7GQ==}

  '@module-federation/error-codes@0.11.2':
    resolution: {integrity: sha512-ik1Qnn0I+WyEdprTck9WGlH41vGsVdUg8cfO+ZM02qOb2cZm5Vu3SlxGAobj6g7uAj0g8yINnd7h7Dci40BxQA==}

  '@module-federation/runtime-core@0.11.2':
    resolution: {integrity: sha512-dia5kKybi6MFU0s5PgglJwN27k7n9Sf69Cy5xZ4BWaP0qlaXTsxHKO0PECHNt2Pt8jDdyU29sQ4DwAQfxpnXJQ==}

  '@module-federation/runtime-tools@0.11.2':
    resolution: {integrity: sha512-4MJTGAxVq6vxQRkTtTlH7Mm9AVqgn0X9kdu+7RsL7T/qU+jeYsbrntN2CWG3GVVA8r5JddXyTI1iJ0VXQZLV1w==}

  '@module-federation/runtime@0.11.2':
    resolution: {integrity: sha512-Ya9u/L6z2LvhgpqxuKCB7LcigIIRf1BbaxAZIH7mzbq/A7rZtTP7v+73E433jvgiAlbAfPSZkeoYGele6hfRwA==}

  '@module-federation/sdk@0.11.2':
    resolution: {integrity: sha512-SBFe5xOamluT900J4AGBx+2/kCH/JbfqXoUwPSAC6PRzb8Y7LB0posnOGzmqYsLZXT37vp3d6AmJDsVoajDqxw==}

  '@module-federation/webpack-bundler-runtime@0.11.2':
    resolution: {integrity: sha512-WdwIE6QF+MKs/PdVu0cKPETF743JB9PZ62/qf7Uo3gU4fjsUMc37RnbJZ/qB60EaHHfjwp1v6NnhZw1r4eVsnw==}

  '@playwright/test@1.51.1':
    resolution: {integrity: sha512-nM+kEaTSAoVlXmMPH10017vn3FSiFqr/bh4fKg9vmAdMfd9SDqRZNvPSiAHADc/itWak+qPvMPZQOPwCBW7k7Q==}
    engines: {node: '>=18'}
    hasBin: true

  '@rsbuild/core@1.3.5':
    resolution: {integrity: sha512-Fn6nJ4YvLO2UtFcoSPxgJoiUdS0Iix7X1BsyZ+DCj3SGpVCxp3Td9x58F5uhcRraMZFPB91wvcS/OabYwT3N2w==}
    engines: {node: '>=16.7.0'}
    hasBin: true

  '@rsbuild/core@1.3.6':
    resolution: {integrity: sha512-ZuwqoqVkuX4Nmpzg+Kvn9zW26CBGE+iod+iF8J96tOpBWYyCwuSJlZQuTZaBQBOaOrv+CWf9r2d37TvI8nvEgg==}
    engines: {node: '>=16.7.0'}
    hasBin: true

  '@rsbuild/plugin-react@1.2.0':
    resolution: {integrity: sha512-TXd0cvcLPF7OrO215vlGSyRXD6Fc3KQWhFuXFKOtRYp+C1Vc9oeW0GopUIStv2pI2/xtv2XX8GOAdJsnsc6lkA==}
    peerDependencies:
      '@rsbuild/core': 1.x

  '@rslib/core@0.6.3':
    resolution: {integrity: sha512-9XoDXKjsl7jN0um+9R6XTXUaUZNoobQuEnQ56iFDTEZ1xG2ksKB7PDkTmI1izfcjOaF9zdPoeo2INFyzL0w7hA==}
    engines: {node: '>=16.7.0'}
    hasBin: true
    peerDependencies:
      '@microsoft/api-extractor': ^7
      typescript: ^5
    peerDependenciesMeta:
      '@microsoft/api-extractor':
        optional: true
      typescript:
        optional: true

  '@rspack/binding-darwin-arm64@1.3.3':
    resolution: {integrity: sha512-vbzEdpRCZl5+HXWsVjzSDqB9ZVIlqldV+udHp4YDD8qiwdQznVaBZke0eMzZ7kaInqRPsZ+UHQuVk6JaH/JkMQ==}
    cpu: [arm64]
    os: [darwin]

  '@rspack/binding-darwin-arm64@1.3.4':
    resolution: {integrity: sha512-cVfzvtVf05VumGrxFz9Tk0QHk4jWBcQBNQuaql2enco8NKnzuX+v0+VP2mbNfvgICBgrHWKRYinAX5IxTEJdCw==}
    cpu: [arm64]
    os: [darwin]

  '@rspack/binding-darwin-x64@1.3.3':
    resolution: {integrity: sha512-OXtY2s4nlYtUXkeJt8TQKKNIcN7PI8yDq0nqI75OfJoS4u1ZmRXJ8IMeSALLo8I+xD2RAF79tf7yhM/Y/AaiKQ==}
    cpu: [x64]
    os: [darwin]

  '@rspack/binding-darwin-x64@1.3.4':
    resolution: {integrity: sha512-vXzf8xI+njdOSXGyI39lqkH/bSwyrx4jXW9+Pj2zbmRJVHZVyJsrx4kSpOoZX5zx/a7BbvuHRwrmmJS2HEOobw==}
    cpu: [x64]
    os: [darwin]

  '@rspack/binding-linux-arm64-gnu@1.3.3':
    resolution: {integrity: sha512-Lluq3RLYzyCMdXr/HyALKEPGsr+196x8Ccuy5AmIRosOdWuwtSiomSRH1Ka8REUFNHfYy5y9SzfmIZo/E0QEmg==}
    cpu: [arm64]
    os: [linux]
    libc: [glibc]

  '@rspack/binding-linux-arm64-gnu@1.3.4':
    resolution: {integrity: sha512-c45kQrqzR05Jc62oAetiAXrnPWhyt3Pz1h2LF62OW8SYXxdBskAKpWntTts/T96HMLqNPH3MAfDKxyfOb/n0eQ==}
    cpu: [arm64]
    os: [linux]
    libc: [glibc]

  '@rspack/binding-linux-arm64-musl@1.3.3':
    resolution: {integrity: sha512-PIsicXWjOqzmoOutUqxpMNkCoKo+8/wxDyKxHFeu+5WIAxVFphe2d3H5qvEjc2MasWSdRmAVn9XiuIj2LIXFzA==}
    cpu: [arm64]
    os: [linux]
    libc: [musl]

  '@rspack/binding-linux-arm64-musl@1.3.4':
    resolution: {integrity: sha512-/dUvkcBVnV95tA7BpeA6IZhrbpwxFzvgU6qF/iKxyHdMjwHdjn1Um7nR00TPOn/SIHzljafHpL6CuVTLNB5xvA==}
    cpu: [arm64]
    os: [linux]
    libc: [musl]

  '@rspack/binding-linux-x64-gnu@1.3.3':
    resolution: {integrity: sha512-BtksK73ZFdny2T/wU1x0kxBF4ruYUUArZDyeGfpO+vd/1nNYqzzdhGvOksKmtdvsO38ETr2gZ9+XZyr1vpy9uQ==}
    cpu: [x64]
    os: [linux]
    libc: [glibc]

  '@rspack/binding-linux-x64-gnu@1.3.4':
    resolution: {integrity: sha512-jZgGKoH7RyqJbyEcvhEE9wqK6mwoWxLF3c3LD2+e+dKVcO5iCfMuulCGdzUnYyvH97CtvN5j0/20PErRXubyjg==}
    cpu: [x64]
    os: [linux]
    libc: [glibc]

  '@rspack/binding-linux-x64-musl@1.3.3':
    resolution: {integrity: sha512-jx86CxkTmyBz/eHDqZp1mCqBwY+UTEtaPlPoWFyGkJUR5ey6nQnxS+fhG34Rqz63chW+q/afwpGNGyALYdgc8g==}
    cpu: [x64]
    os: [linux]
    libc: [musl]

  '@rspack/binding-linux-x64-musl@1.3.4':
    resolution: {integrity: sha512-Xko8mZ598vQDubig4rLTuCDjXplSDJbJEg6B3NykGaE6CMH2bI/6KJfVKEKo25ayNzoouT/1MxyOxB4mQuspbA==}
    cpu: [x64]
    os: [linux]
    libc: [musl]

  '@rspack/binding-win32-arm64-msvc@1.3.3':
    resolution: {integrity: sha512-uXAdDzajFToVrH3fCNVDP/uKQ9i5FQjJc2aYxsnhS9Su/CZB+UQsOecbq6MnIN2s0B9GBKBG8QdQEtS3RtC6Hg==}
    cpu: [arm64]
    os: [win32]

  '@rspack/binding-win32-arm64-msvc@1.3.4':
    resolution: {integrity: sha512-Q+pU/MRylYB3XoNTM1LYPxWV1KUxeZY6R54twtoDFXhZn/PDflP7qH1BHQ0KN50HuG5ZK89CaFSPMF7+vs6HNA==}
    cpu: [arm64]
    os: [win32]

  '@rspack/binding-win32-ia32-msvc@1.3.3':
    resolution: {integrity: sha512-VBE6XsJ3IiAlozAywAIxAZ1Aqc2QVnEwBo0gP9998KkwL7wxB6Bg/OJnPbH3Q0ZaNWAQViC99rPC+5hSIdeSxw==}
    cpu: [ia32]
    os: [win32]

  '@rspack/binding-win32-ia32-msvc@1.3.4':
    resolution: {integrity: sha512-aqP/l+YAG4L9I1klW3uSq+olafw8xzAP+4cd/Nyy2SSDnhWsDgawxJyO6FIeM+hXwC73ChH9pcXHGgEC7iCcHw==}
    cpu: [ia32]
    os: [win32]

  '@rspack/binding-win32-x64-msvc@1.3.3':
    resolution: {integrity: sha512-rOsNz4/DFgSENjEh0t9kFn89feuXK14/9wbmmFlT8VMpYOCcj4tKcAHjWg+Nzzj4FL+NSOC/81SrUF9J+C2R7w==}
    cpu: [x64]
    os: [win32]

  '@rspack/binding-win32-x64-msvc@1.3.4':
    resolution: {integrity: sha512-xDU1njA1gIzIL6Nt5ARW4vWeVgwf00i7tPONg+6fJyMgwuFfwq2qEG7UFSBOedYjsSTCW+UoBh7riN7lRiFIvw==}
    cpu: [x64]
    os: [win32]

  '@rspack/binding@1.3.3':
    resolution: {integrity: sha512-zdwJ801tyC8k+Gu5RjNoc7bEtX0MgJzzVv9qpaMwcAUfUfwZgCzXPTqcGMDoNI+Z47Fw59/2fKCmgZhZn60AgA==}

  '@rspack/binding@1.3.4':
    resolution: {integrity: sha512-wDRqqNfrVXuHAEm25mPlhroKN+v4uwhihVnZF4duz0I0L5rbsUNCy7uEda0GrBXkj3jkKLfg60mSd9MCZD0JZw==}

  '@rspack/core@1.3.3':
    resolution: {integrity: sha512-+mXVlFcYr0tWezZfJ/gR0fj8njRc7pzEMtTFa2NO5cfsNAKPF/SXm4rb55kfa63r0b3U3N7f2nKrJG9wyG7zMQ==}
    engines: {node: '>=16.0.0'}
    peerDependencies:
      '@rspack/tracing': ^1.x
      '@swc/helpers': '>=0.5.1'
    peerDependenciesMeta:
      '@rspack/tracing':
        optional: true
      '@swc/helpers':
        optional: true

  '@rspack/core@1.3.4':
    resolution: {integrity: sha512-NIIk/0XUkyU9G8eby6kKO3YFpeDn8RsUIzNuElcfi1rWuuK+NLasDqUYOFqqlNBKnZpmtZ+SXAV9jE5k/i3uwg==}
    engines: {node: '>=16.0.0'}
    peerDependencies:
      '@rspack/tracing': ^1.x
      '@swc/helpers': '>=0.5.1'
    peerDependenciesMeta:
      '@rspack/tracing':
        optional: true
      '@swc/helpers':
        optional: true

  '@rspack/lite-tapable@1.0.1':
    resolution: {integrity: sha512-VynGOEsVw2s8TAlLf/uESfrgfrq2+rcXB1muPJYBWbsm1Oa6r5qVQhjA5ggM6z/coYPrsVMgovl3Ff7Q7OCp1w==}
    engines: {node: '>=16.0.0'}

  '@rspack/plugin-react-refresh@1.2.0':
    resolution: {integrity: sha512-DTsbtggCfsiXE5QQtYMS8rKfEF8GIjwPDbgIT6Kg8BlAjpJY4jT5IisyhfIi7YOT3d5RIvu60iFB6Kr9sSMsnA==}
    peerDependencies:
      react-refresh: '>=0.10.0 <1.0.0'
      webpack-hot-middleware: 2.x
    peerDependenciesMeta:
      webpack-hot-middleware:
        optional: true

  '@swc/helpers@0.5.17':
    resolution: {integrity: sha512-5IKx/Y13RsYd+sauPb2x+U/xZikHjolzfuDgTAl/Tdf3Q8rslRvC19NKDLgAJQ6wsqADk10ntlv08nPFw/gO/A==}

  '@types/node@22.14.1':
    resolution: {integrity: sha512-u0HuPQwe/dHrItgHHpmw3N2fYCR6x4ivMNbPHRkBVP4CvN+kiRrKHWk3i8tXiO/joPwXLMYvF9TTF0eqgHIuOw==}

  '@types/prop-types@15.7.14':
    resolution: {integrity: sha512-gNMvNH49DJ7OJYv+KAKn0Xp45p8PLl6zo2YnvDIbTd4J6MER2BmWN49TG7n9LvkyihINxeKW8+3bfS2yDC9dzQ==}

  '@types/react-dom@18.3.6':
    resolution: {integrity: sha512-nf22//wEbKXusP6E9pfOCDwFdHAX4u172eaJI4YkDRQEZiorm6KfYnSC2SWLDMVWUOWPERmJnN0ujeAfTBLvrw==}
    peerDependencies:
      '@types/react': ^18.0.0

  '@types/react@18.3.20':
    resolution: {integrity: sha512-IPaCZN7PShZK/3t6Q87pfTkRm6oLTd4vztyoj+cbHUF1g3FfVb2tFIL79uCRKEfv16AhqDMBywP2VW3KIZUvcg==}

  ansi-regex@5.0.1:
    resolution: {integrity: sha512-quJQXlTSUGL2LH9SUXo8VwsY4soanhgo6LNSm84E1LBcE8s3O0wpdiRzyR9z/ZZJMlMWv37qOOb9pdJlMUEKFQ==}
    engines: {node: '>=8'}

  ansi-regex@6.1.0:
    resolution: {integrity: sha512-7HSX4QQb4CspciLpVFwyRe79O3xsIZDDLER21kERQ71oaPodF8jL725AgJMFAYbooIqolJoRLuM81SpeUkpkvA==}
    engines: {node: '>=12'}

  ansi-styles@4.3.0:
    resolution: {integrity: sha512-zbB9rCJAT1rbjiVDb2hqKFHNYLxgtk8NURxZ3IZwD3F6NtxbXZQCnnSi1Lkx+IDohdPlFp222wVALIheZJQSEg==}
    engines: {node: '>=8'}

  ansi-styles@6.2.1:
    resolution: {integrity: sha512-bN798gFfQX+viw3R7yrGWRqnrN2oRkEkUjjl4JNn4E8GxxbjtG3FbrEIIY3l8/hrwUwIeCZvi4QuOTP4MErVug==}
    engines: {node: '>=12'}

  balanced-match@1.0.2:
    resolution: {integrity: sha512-3oSeUO0TMV67hN1AmbXsK4yaqU7tjiHlbxRDZOpH0KW9+CeX4bRAaX0Anxt0tx2MrpRpWwQaPwIlISEJhYU5Pw==}

  brace-expansion@2.0.1:
    resolution: {integrity: sha512-XnAIvQ8eM+kC6aULx6wuQiwVsnzsi9d3WxzV3FpWTGA19F621kwdbsAcFKXgKUHZWsy+mY6iL1sHTxWEFCytDA==}

  caniuse-lite@1.0.30001713:
    resolution: {integrity: sha512-wCIWIg+A4Xr7NfhTuHdX+/FKh3+Op3LBbSp2N5Pfx6T/LhdQy3GTyoTg48BReaW/MyMNZAkTadsBtai3ldWK0Q==}

  color-convert@2.0.1:
    resolution: {integrity: sha512-RRECPsj7iu/xb5oKYcsFHSppFNnsj/52OVTRKb4zP5onXwVF3zVmmToNcOfGC+CRDpfK/U584fMg38ZHCaElKQ==}
    engines: {node: '>=7.0.0'}

  color-name@1.1.4:
    resolution: {integrity: sha512-dOy+3AuW3a2wNbZHIuMZpTcgjGuLU/uBL/ubcZF9OXbDo8ff4O8yVp5Bf0efS8uEoYo5q4Fx7dY9OgQGXgAsQA==}

  core-js@3.41.0:
    resolution: {integrity: sha512-SJ4/EHwS36QMJd6h/Rg+GyR4A5xE0FSI3eZ+iBVpfqf1x0eTSg1smWLHrA+2jQThZSh97fmSgFSU8B61nxosxA==}

  cross-spawn@7.0.6:
    resolution: {integrity: sha512-uV2QOWP2nWzsy2aMp8aRibhi9dlzF5Hgh5SHaB9OiTGEyDTiJJyx0uy51QXdyWbtAHNua4XJzUKca3OzKUd3vA==}
    engines: {node: '>= 8'}

  csstype@3.1.3:
    resolution: {integrity: sha512-M1uQkMl8rQK/szD0LNhtqxIPLpimGm8sOBwU7lLnCpSbTyY3yeU1Vc7l4KT5zT4s/yOxHH5O7tIuuLOCnLADRw==}

  eastasianwidth@0.2.0:
    resolution: {integrity: sha512-I88TYZWc9XiYHRQ4/3c5rjjfgkjhLyW2luGIheGERbNQ6OY7yTybanSpDXZa8y7VUP9YmDcYa+eyq4ca7iLqWA==}

  emoji-regex@8.0.0:
    resolution: {integrity: sha512-MSjYzcWNOA0ewAHpz0MxpYFvwg6yjy1NG3xteoqz644VCo/RPgnr1/GGt+ic3iJTzQ8Eu3TdM14SawnVUmGE6A==}

  emoji-regex@9.2.2:
    resolution: {integrity: sha512-L18DaJsXSUk2+42pv8mLs5jJT2hqFkFE4j21wOmgbUqsZ2hL72NsUU785g9RXgo3s0ZNgVl42TiHp3ZtOv/Vyg==}

  error-stack-parser@2.1.4:
    resolution: {integrity: sha512-Sk5V6wVazPhq5MhpO+AUxJn5x7XSXGl1R93Vn7i+zS15KDVxQijejNCrz8340/2bgLBjR9GtEG8ZVKONDjcqGQ==}

  fdir@6.4.3:
    resolution: {integrity: sha512-PMXmW2y1hDDfTSRc9gaXIuCCRpuoz3Kaz8cUelp3smouvfT632ozg2vrT6lJsHKKOF59YLbOGfAWGUcKEfRMQw==}
    peerDependencies:
      picomatch: ^3 || ^4
    peerDependenciesMeta:
      picomatch:
        optional: true

  foreground-child@3.3.1:
    resolution: {integrity: sha512-gIXjKqtFuWEgzFRJA9WCQeSJLZDjgJUOMCMzxtvFq/37KojM1BFGufqsCy0r4qSQmYLsZYMeyRqzIWOMup03sw==}
    engines: {node: '>=14'}

  fsevents@2.3.2:
    resolution: {integrity: sha512-xiqMQR4xAeHTuB9uWm+fFRcIOgKBMiOBP+eXiyT7jsgVCq1bkVygt00oASowB7EdtpOHaaPgKt812P9ab+DDKA==}
    engines: {node: ^8.16.0 || ^10.6.0 || >=11.0.0}
    os: [darwin]

  glob@11.0.1:
    resolution: {integrity: sha512-zrQDm8XPnYEKawJScsnM0QzobJxlT/kHOOlRTio8IH/GrmxRE5fjllkzdaHclIuNjUQTJYH2xHNIGfdpJkDJUw==}
    engines: {node: 20 || >=22}
    hasBin: true

  html-entities@2.6.0:
    resolution: {integrity: sha512-kig+rMn/QOVRvr7c86gQ8lWXq+Hkv6CbAH1hLu+RG338StTpE8Z0b44SDVaqVu7HGKf27frdmUYEs9hTUX/cLQ==}

  is-fullwidth-code-point@3.0.0:
    resolution: {integrity: sha512-zymm5+u+sCsSWyD9qNaejV3DFvhCKclKdizYaJUuHA83RLjb7nSuGnddCHGv0hk+KY7BMAlsWeK4Ueg6EV6XQg==}
    engines: {node: '>=8'}

  isexe@2.0.0:
    resolution: {integrity: sha512-RHxMLp9lnKHGHRng9QFhRCMbYAcVpn69smSGcq3f36xjgVVWThj4qqLbTLlq7Ssj8B+fIQ1EuCEGI2lKsyQeIw==}

  jackspeak@4.1.0:
    resolution: {integrity: sha512-9DDdhb5j6cpeitCbvLO7n7J4IxnbM6hoF6O1g4HQ5TfhvvKN8ywDM7668ZhMHRqVmxqhps/F6syWK2KcPxYlkw==}
    engines: {node: 20 || >=22}

  jiti@2.4.2:
    resolution: {integrity: sha512-rg9zJN+G4n2nfJl5MW3BMygZX56zKPNVEYYqq7adpmMh4Jn2QNEwhvQlFy6jPVdcod7txZtKHWnyZiA3a0zP7A==}
    hasBin: true

  js-tokens@4.0.0:
    resolution: {integrity: sha512-RdJUflcE3cUzKiMqQgsCu06FPu9UdIJO0beYbPhHN4k6apgJtifcoCtT9bcxOpYBtpD2kCM6Sbzg4CausW/PKQ==}

  json5@2.2.3:
    resolution: {integrity: sha512-XmOWe7eyHYH14cLdVPoyg+GOH3rYX++KpzrylJwSW98t3Nk+U8XOl8FWKOgwtzdb8lXGf6zYwDUzeHMWfxasyg==}
    engines: {node: '>=6'}
    hasBin: true

  loose-envify@1.4.0:
    resolution: {integrity: sha512-lyuxPGr/Wfhrlem2CL/UcnUc1zcqKAImBDzukY7Y5F/yQiNdko6+fRLevlw1HgMySw7f611UIY408EtxRSoK3Q==}
    hasBin: true

  lru-cache@11.1.0:
    resolution: {integrity: sha512-QIXZUBJUx+2zHUdQujWejBkcD9+cs94tLn0+YL8UrCh+D5sCXZ4c7LaEH48pNwRY3MLDgqUFyhlCyjJPf1WP0A==}
    engines: {node: 20 || >=22}

  magic-string@0.30.17:
    resolution: {integrity: sha512-sNPKHvyjVf7gyjwS4xGTaW/mCnF8wnjtifKBEhxfZ7E/S8tQ0rssrwGNn6q8JH/ohItJfSQp9mBtQYuTlH5QnA==}

  minimatch@10.0.1:
    resolution: {integrity: sha512-ethXTt3SGGR+95gudmqJ1eNhRO7eGEGIgYA9vnPatK4/etz2MEVDno5GMCibdMTuBMyElzIlgxMna3K94XDIDQ==}
    engines: {node: 20 || >=22}

  minimist@1.2.8:
    resolution: {integrity: sha512-2yyAR8qBkN3YuheJanUpWC5U3bb5osDywNB8RzDVlDwDHbocAJveqqj1u8+SVD7jkWT4yvsHCpWqqWqAxb0zCA==}

  minipass@7.1.2:
    resolution: {integrity: sha512-qOOzS1cBTWYF4BH8fVePDBOO9iptMnGUEZwNc/cMWnTV2nVLZ7VoNWEPHkYczZA0pdoA7dl6e7FL659nX9S2aw==}
    engines: {node: '>=16 || 14 >=14.17'}

  package-json-from-dist@1.0.1:
    resolution: {integrity: sha512-UEZIS3/by4OC8vL3P2dTXRETpebLI2NiI5vIrjaD/5UtrkFX/tNbwjTSRAGC/+7CAo2pIcBaRgWmcBBHcsaCIw==}

  path-key@3.1.1:
    resolution: {integrity: sha512-ojmeN0qd+y0jszEtoY48r0Peq5dwMEkIlCOu6Q5f41lfkswXuKtYrhgoTpLnyIcHm24Uhqx+5Tqm2InSwLhE6Q==}
    engines: {node: '>=8'}

  path-scurry@2.0.0:
    resolution: {integrity: sha512-ypGJsmGtdXUOeM5u93TyeIEfEhM6s+ljAhrk5vAvSx8uyY/02OvrZnA0YNGUrPXfpJMgI1ODd3nwz8Npx4O4cg==}
    engines: {node: 20 || >=22}

  picocolors@1.1.1:
    resolution: {integrity: sha512-xceH2snhtb5M9liqDsmEw56le376mTZkEX/jEb/RxNFyegNul7eNslCXP9FDj/Lcu0X8KEyMceP2ntpaHrDEVA==}

  picomatch@4.0.2:
    resolution: {integrity: sha512-M7BAV6Rlcy5u+m6oPhAPFgJTzAioX/6B0DxyvDlo9l8+T3nLKbrczg2WLUyzd45L8RqfUMyGPzekbMvX2Ldkwg==}
    engines: {node: '>=12'}

  playwright-core@1.51.1:
    resolution: {integrity: sha512-/crRMj8+j/Nq5s8QcvegseuyeZPxpQCZb6HNk3Sos3BlZyAknRjoyJPFWkpNn8v0+P3WiwqFF8P+zQo4eqiNuw==}
    engines: {node: '>=18'}
    hasBin: true

  playwright@1.51.1:
    resolution: {integrity: sha512-kkx+MB2KQRkyxjYPc3a0wLZZoDczmppyGJIvQ43l+aZihkaVvmu/21kiyaHeHjiFxjxNNFnUncKmcGIyOojsaw==}
    engines: {node: '>=18'}
    hasBin: true

  react-dom@18.3.1:
    resolution: {integrity: sha512-5m4nQKp+rZRb09LNH59GM4BxTh9251/ylbKIbpe7TpGxfJ+9kv6BLkLBXIjjspbgbnIBNqlI23tRnTWT0snUIw==}
    peerDependencies:
      react: ^18.3.1

  react-refresh@0.17.0:
    resolution: {integrity: sha512-z6F7K9bV85EfseRCp2bzrpyQ0Gkw1uLoCel9XBVWPg/TjRj94SkJzUTGfOa4bs7iJvBWtQG0Wq7wnI0syw3EBQ==}
    engines: {node: '>=0.10.0'}

  react@18.3.1:
    resolution: {integrity: sha512-wS+hAgJShR0KhEvPJArfuPVN1+Hz1t0Y6n5jLrGQbkb4urgPE/0Rve+1kMB1v/oWgHgm4WIcV+i7F2pTVj+2iQ==}
    engines: {node: '>=0.10.0'}

  rsbuild-plugin-dts@0.6.3:
    resolution: {integrity: sha512-FYZqdR1mVsBtPFqt6GbNxyDnf1nssS4YCNKP/kBqNA6o4+dGi7qcxO4Bod8EvJaEltKyKh05DZD91oKh99PEXA==}
    engines: {node: '>=16.7.0'}
    peerDependencies:
      '@microsoft/api-extractor': ^7
      '@rsbuild/core': 1.x
      typescript: ^5
    peerDependenciesMeta:
      '@microsoft/api-extractor':
        optional: true
      typescript:
        optional: true

  scheduler@0.23.2:
    resolution: {integrity: sha512-UOShsPwz7NrMUqhR6t0hWjFduvOzbtv7toDH1/hIrfRNIDBnnBWd0CwJTGvTpngVlmwGCdP9/Zl/tVrDqcuYzQ==}

  shebang-command@2.0.0:
    resolution: {integrity: sha512-kHxr2zZpYtdmrN1qDjrrX/Z1rR1kG8Dx+gkpK1G4eXmvXswmcE1hTWBWYUzlraYw1/yZp6YuDY77YtvbN0dmDA==}
    engines: {node: '>=8'}

  shebang-regex@3.0.0:
    resolution: {integrity: sha512-7++dFhtcx3353uBaq8DDR4NuxBetBzC7ZQOhmTQInHEd6bSrXdiEyzCvG07Z44UYdLShWUyXt5M/yhz8ekcb1A==}
    engines: {node: '>=8'}

  signal-exit@4.1.0:
    resolution: {integrity: sha512-bzyZ1e88w9O1iNJbKnOlvYTrWPDl46O1bG0D3XInv+9tkPrxrN8jUUTiFlDkkmKWgn1M6CfIA13SuGqOa9Korw==}
    engines: {node: '>=14'}

  simple-git-hooks@2.12.1:
    resolution: {integrity: sha512-NB3V4XyCOrWTIhjh85DyEoVlM3adHWwqQXKYHmuegy/108bJPP6YxuPGm4ZKBq1+GVKRbKJuzNY//09cMJYp+A==}
    hasBin: true

  stackframe@1.3.4:
    resolution: {integrity: sha512-oeVtt7eWQS+Na6F//S4kJ2K2VbRlS9D43mAlMyVpVWovy9o+jfgH8O9agzANzaiLjclA0oYzUXEM4PurhSUChw==}

  string-width@4.2.3:
    resolution: {integrity: sha512-wKyQRQpjJ0sIp62ErSZdGsjMJWsap5oRNihHhu6G7JVO/9jIB6UyevL+tXuOqrng8j/cxKTWyWUwvSTriiZz/g==}
    engines: {node: '>=8'}

  string-width@5.1.2:
    resolution: {integrity: sha512-HnLOCR3vjcY8beoNLtcjZ5/nxn2afmME6lhrDrebokqMap+XbeW8n9TXpPDOqdGK5qcI3oT0GKTW6wC7EMiVqA==}
    engines: {node: '>=12'}

  strip-ansi@6.0.1:
    resolution: {integrity: sha512-Y38VPSHcqkFrCpFnQ9vuSXmquuv5oXOKpGeT6aGrr3o3Gc9AlVa6JBfUSOCnbxGGZF+/0ooI7KrPuUSztUdU5A==}
    engines: {node: '>=8'}

  strip-ansi@7.1.0:
    resolution: {integrity: sha512-iq6eVVI64nQQTRYq2KtEg2d2uU7LElhTJwsH4YzIHZshxlgZms/wIc4VoDQTlG/IvVIrBKG06CrZnp0qv7hkcQ==}
    engines: {node: '>=12'}

  strip-bom@3.0.0:
    resolution: {integrity: sha512-vavAMRXOgBVNF6nyEEmL3DBK19iRpDcoIwW+swQ+CbGiu7lju6t+JklA1MHweoWtadgt4ISVUsXLyDq34ddcwA==}
    engines: {node: '>=4'}

  tinyglobby@0.2.12:
    resolution: {integrity: sha512-qkf4trmKSIiMTs/E63cxH+ojC2unam7rJ0WrauAzpT3ECNTxGRMlaXxVbfxMUC/w0LaYk6jQ4y/nGR9uBO3tww==}
    engines: {node: '>=12.0.0'}

  tsconfig-paths@4.2.0:
    resolution: {integrity: sha512-NoZ4roiN7LnbKn9QqE1amc9DJfzvZXxF4xDavcOWt1BPkdx+m+0gJuPM+S0vCe7zTJMYUP0R8pO2XMr+Y8oLIg==}
    engines: {node: '>=6'}

  tslib@2.8.1:
    resolution: {integrity: sha512-oJFu94HQb+KVduSUQL7wnpmqnfmLsOA/nAh6b6EH0wCEoK0/mPeXU6c3wKDV83MkOuHPRHtSXKKU99IBazS/2w==}

  typescript@5.8.3:
    resolution: {integrity: sha512-p1diW6TqL9L07nNxvRMM7hMMw4c5XOo/1ibL4aAIGmSAt9slTE1Xgw5KWuof2uTOvCg9BY7ZRi+GaF+7sfgPeQ==}
    engines: {node: '>=14.17'}
    hasBin: true

  undici-types@6.21.0:
    resolution: {integrity: sha512-iwDZqg0QAGrg9Rav5H4n0M64c3mkR59cJ6wQp+7C4nI0gsmExaedaYLNO44eT4AtBBwjbTiGPMlt2Md0T9H9JQ==}

  which@2.0.2:
    resolution: {integrity: sha512-BLI3Tl1TW3Pvl70l3yq3Y64i+awpwXqsGBYWkkqMtnbXgrMD+yj7rhW0kuEDxzJaYXGjEW5ogapKNMEKNMjibA==}
    engines: {node: '>= 8'}
    hasBin: true

  wrap-ansi@7.0.0:
    resolution: {integrity: sha512-YVGIj2kamLSTxw6NsZjoBxfSwsn0ycdesmc4p+Q21c5zPuZ1pl+NfxVdxPtdHvmNVOQ6XSYG4AUtyt/Fi7D16Q==}
    engines: {node: '>=10'}

  wrap-ansi@8.1.0:
    resolution: {integrity: sha512-si7QWI6zUMq56bESFvagtmzMdGOtoxfR+Sez11Mobfc7tm+VkUckk9bW2UeffTGVUbOksxmSw0AA2gs8g71NCQ==}
    engines: {node: '>=12'}

snapshots:

  '@ast-grep/napi-darwin-arm64@0.36.3':
    optional: true

  '@ast-grep/napi-darwin-x64@0.36.3':
    optional: true

  '@ast-grep/napi-linux-arm64-gnu@0.36.3':
    optional: true

  '@ast-grep/napi-linux-arm64-musl@0.36.3':
    optional: true

  '@ast-grep/napi-linux-x64-gnu@0.36.3':
    optional: true

  '@ast-grep/napi-linux-x64-musl@0.36.3':
    optional: true

  '@ast-grep/napi-win32-arm64-msvc@0.36.3':
    optional: true

  '@ast-grep/napi-win32-ia32-msvc@0.36.3':
    optional: true

  '@ast-grep/napi-win32-x64-msvc@0.36.3':
    optional: true

  '@ast-grep/napi@0.36.3':
    optionalDependencies:
      '@ast-grep/napi-darwin-arm64': 0.36.3
      '@ast-grep/napi-darwin-x64': 0.36.3
      '@ast-grep/napi-linux-arm64-gnu': 0.36.3
      '@ast-grep/napi-linux-arm64-musl': 0.36.3
      '@ast-grep/napi-linux-x64-gnu': 0.36.3
      '@ast-grep/napi-linux-x64-musl': 0.36.3
      '@ast-grep/napi-win32-arm64-msvc': 0.36.3
      '@ast-grep/napi-win32-ia32-msvc': 0.36.3
      '@ast-grep/napi-win32-x64-msvc': 0.36.3

  '@biomejs/biome@1.9.4':
    optionalDependencies:
      '@biomejs/cli-darwin-arm64': 1.9.4
      '@biomejs/cli-darwin-x64': 1.9.4
      '@biomejs/cli-linux-arm64': 1.9.4
      '@biomejs/cli-linux-arm64-musl': 1.9.4
      '@biomejs/cli-linux-x64': 1.9.4
      '@biomejs/cli-linux-x64-musl': 1.9.4
      '@biomejs/cli-win32-arm64': 1.9.4
      '@biomejs/cli-win32-x64': 1.9.4

  '@biomejs/cli-darwin-arm64@1.9.4':
    optional: true

  '@biomejs/cli-darwin-x64@1.9.4':
    optional: true

  '@biomejs/cli-linux-arm64-musl@1.9.4':
    optional: true

  '@biomejs/cli-linux-arm64@1.9.4':
    optional: true

  '@biomejs/cli-linux-x64-musl@1.9.4':
    optional: true

  '@biomejs/cli-linux-x64@1.9.4':
    optional: true

  '@biomejs/cli-win32-arm64@1.9.4':
    optional: true

  '@biomejs/cli-win32-x64@1.9.4':
    optional: true

  '@isaacs/cliui@8.0.2':
    dependencies:
      string-width: 5.1.2
      string-width-cjs: string-width@4.2.3
      strip-ansi: 7.1.0
      strip-ansi-cjs: strip-ansi@6.0.1
      wrap-ansi: 8.1.0
      wrap-ansi-cjs: wrap-ansi@7.0.0

  '@jridgewell/sourcemap-codec@1.5.0': {}

  '@module-federation/error-codes@0.11.2': {}

  '@module-federation/runtime-core@0.11.2':
    dependencies:
      '@module-federation/error-codes': 0.11.2
      '@module-federation/sdk': 0.11.2

  '@module-federation/runtime-tools@0.11.2':
    dependencies:
      '@module-federation/runtime': 0.11.2
      '@module-federation/webpack-bundler-runtime': 0.11.2

  '@module-federation/runtime@0.11.2':
    dependencies:
      '@module-federation/error-codes': 0.11.2
      '@module-federation/runtime-core': 0.11.2
      '@module-federation/sdk': 0.11.2

  '@module-federation/sdk@0.11.2': {}

  '@module-federation/webpack-bundler-runtime@0.11.2':
    dependencies:
      '@module-federation/runtime': 0.11.2
      '@module-federation/sdk': 0.11.2

  '@playwright/test@1.51.1':
    dependencies:
      playwright: 1.51.1

  '@rsbuild/core@1.3.5':
    dependencies:
      '@rspack/core': 1.3.3(@swc/helpers@0.5.17)
      '@rspack/lite-tapable': 1.0.1
      '@swc/helpers': 0.5.17
      core-js: 3.41.0
      jiti: 2.4.2
    transitivePeerDependencies:
      - '@rspack/tracing'

  '@rsbuild/core@1.3.6':
    dependencies:
      '@rspack/core': 1.3.4(@swc/helpers@0.5.17)
      '@rspack/lite-tapable': 1.0.1
      '@swc/helpers': 0.5.17
      core-js: 3.41.0
      jiti: 2.4.2
    transitivePeerDependencies:
      - '@rspack/tracing'

  '@rsbuild/plugin-react@1.2.0(@rsbuild/core@1.3.6)':
    dependencies:
      '@rsbuild/core': 1.3.6
      '@rspack/plugin-react-refresh': 1.2.0(react-refresh@0.17.0)
      react-refresh: 0.17.0
    transitivePeerDependencies:
      - webpack-hot-middleware

  '@rslib/core@0.6.3(typescript@5.8.3)':
    dependencies:
      '@rsbuild/core': 1.3.5
      rsbuild-plugin-dts: 0.6.3(@rsbuild/core@1.3.5)(typescript@5.8.3)
      tinyglobby: 0.2.12
    optionalDependencies:
      typescript: 5.8.3
    transitivePeerDependencies:
      - '@rspack/tracing'

  '@rspack/binding-darwin-arm64@1.3.3':
    optional: true

  '@rspack/binding-darwin-arm64@1.3.4':
    optional: true

  '@rspack/binding-darwin-x64@1.3.3':
    optional: true

  '@rspack/binding-darwin-x64@1.3.4':
    optional: true

  '@rspack/binding-linux-arm64-gnu@1.3.3':
    optional: true

  '@rspack/binding-linux-arm64-gnu@1.3.4':
    optional: true

  '@rspack/binding-linux-arm64-musl@1.3.3':
    optional: true

  '@rspack/binding-linux-arm64-musl@1.3.4':
    optional: true

  '@rspack/binding-linux-x64-gnu@1.3.3':
    optional: true

  '@rspack/binding-linux-x64-gnu@1.3.4':
    optional: true

  '@rspack/binding-linux-x64-musl@1.3.3':
    optional: true

  '@rspack/binding-linux-x64-musl@1.3.4':
    optional: true

  '@rspack/binding-win32-arm64-msvc@1.3.3':
    optional: true

  '@rspack/binding-win32-arm64-msvc@1.3.4':
    optional: true

  '@rspack/binding-win32-ia32-msvc@1.3.3':
    optional: true

  '@rspack/binding-win32-ia32-msvc@1.3.4':
    optional: true

  '@rspack/binding-win32-x64-msvc@1.3.3':
    optional: true

  '@rspack/binding-win32-x64-msvc@1.3.4':
    optional: true

  '@rspack/binding@1.3.3':
    optionalDependencies:
      '@rspack/binding-darwin-arm64': 1.3.3
      '@rspack/binding-darwin-x64': 1.3.3
      '@rspack/binding-linux-arm64-gnu': 1.3.3
      '@rspack/binding-linux-arm64-musl': 1.3.3
      '@rspack/binding-linux-x64-gnu': 1.3.3
      '@rspack/binding-linux-x64-musl': 1.3.3
      '@rspack/binding-win32-arm64-msvc': 1.3.3
      '@rspack/binding-win32-ia32-msvc': 1.3.3
      '@rspack/binding-win32-x64-msvc': 1.3.3

  '@rspack/binding@1.3.4':
    optionalDependencies:
      '@rspack/binding-darwin-arm64': 1.3.4
      '@rspack/binding-darwin-x64': 1.3.4
      '@rspack/binding-linux-arm64-gnu': 1.3.4
      '@rspack/binding-linux-arm64-musl': 1.3.4
      '@rspack/binding-linux-x64-gnu': 1.3.4
      '@rspack/binding-linux-x64-musl': 1.3.4
      '@rspack/binding-win32-arm64-msvc': 1.3.4
      '@rspack/binding-win32-ia32-msvc': 1.3.4
      '@rspack/binding-win32-x64-msvc': 1.3.4

  '@rspack/core@1.3.3(@swc/helpers@0.5.17)':
    dependencies:
      '@module-federation/runtime-tools': 0.11.2
      '@rspack/binding': 1.3.3
      '@rspack/lite-tapable': 1.0.1
      caniuse-lite: 1.0.30001713
    optionalDependencies:
      '@swc/helpers': 0.5.17

  '@rspack/core@1.3.4(@swc/helpers@0.5.17)':
    dependencies:
      '@module-federation/runtime-tools': 0.11.2
      '@rspack/binding': 1.3.4
      '@rspack/lite-tapable': 1.0.1
      caniuse-lite: 1.0.30001713
    optionalDependencies:
      '@swc/helpers': 0.5.17

  '@rspack/lite-tapable@1.0.1': {}

  '@rspack/plugin-react-refresh@1.2.0(react-refresh@0.17.0)':
    dependencies:
      error-stack-parser: 2.1.4
      html-entities: 2.6.0
      react-refresh: 0.17.0

  '@swc/helpers@0.5.17':
    dependencies:
      tslib: 2.8.1

  '@types/node@22.14.1':
    dependencies:
      undici-types: 6.21.0

  '@types/prop-types@15.7.14': {}

  '@types/react-dom@18.3.6(@types/react@18.3.20)':
    dependencies:
      '@types/react': 18.3.20

  '@types/react@18.3.20':
    dependencies:
      '@types/prop-types': 15.7.14
      csstype: 3.1.3

  ansi-regex@5.0.1: {}

  ansi-regex@6.1.0: {}

  ansi-styles@4.3.0:
    dependencies:
      color-convert: 2.0.1

  ansi-styles@6.2.1: {}

  balanced-match@1.0.2: {}

  brace-expansion@2.0.1:
    dependencies:
      balanced-match: 1.0.2

  caniuse-lite@1.0.30001713: {}

  color-convert@2.0.1:
    dependencies:
      color-name: 1.1.4

  color-name@1.1.4: {}

  core-js@3.41.0: {}

  cross-spawn@7.0.6:
    dependencies:
      path-key: 3.1.1
      shebang-command: 2.0.0
      which: 2.0.2

  csstype@3.1.3: {}

  eastasianwidth@0.2.0: {}

  emoji-regex@8.0.0: {}

  emoji-regex@9.2.2: {}

  error-stack-parser@2.1.4:
    dependencies:
      stackframe: 1.3.4

  fdir@6.4.3(picomatch@4.0.2):
    optionalDependencies:
      picomatch: 4.0.2

  foreground-child@3.3.1:
    dependencies:
      cross-spawn: 7.0.6
      signal-exit: 4.1.0

  fsevents@2.3.2:
    optional: true

  glob@11.0.1:
    dependencies:
      foreground-child: 3.3.1
      jackspeak: 4.1.0
      minimatch: 10.0.1
      minipass: 7.1.2
      package-json-from-dist: 1.0.1
      path-scurry: 2.0.0

  html-entities@2.6.0: {}

  is-fullwidth-code-point@3.0.0: {}

  isexe@2.0.0: {}

  jackspeak@4.1.0:
    dependencies:
      '@isaacs/cliui': 8.0.2

  jiti@2.4.2: {}

  js-tokens@4.0.0: {}

  json5@2.2.3: {}

  loose-envify@1.4.0:
    dependencies:
      js-tokens: 4.0.0

  lru-cache@11.1.0: {}

  magic-string@0.30.17:
    dependencies:
      '@jridgewell/sourcemap-codec': 1.5.0

  minimatch@10.0.1:
    dependencies:
      brace-expansion: 2.0.1

  minimist@1.2.8: {}

  minipass@7.1.2: {}

  package-json-from-dist@1.0.1: {}

  path-key@3.1.1: {}

  path-scurry@2.0.0:
    dependencies:
      lru-cache: 11.1.0
      minipass: 7.1.2

  picocolors@1.1.1: {}

  picomatch@4.0.2: {}

  playwright-core@1.51.1: {}

  playwright@1.51.1:
    dependencies:
      playwright-core: 1.51.1
    optionalDependencies:
      fsevents: 2.3.2

  react-dom@18.3.1(react@18.3.1):
    dependencies:
      loose-envify: 1.4.0
      react: 18.3.1
      scheduler: 0.23.2

  react-refresh@0.17.0: {}

  react@18.3.1:
    dependencies:
      loose-envify: 1.4.0

  rsbuild-plugin-dts@0.6.3(@rsbuild/core@1.3.5)(typescript@5.8.3):
    dependencies:
      '@ast-grep/napi': 0.36.3
      '@rsbuild/core': 1.3.5
      magic-string: 0.30.17
      picocolors: 1.1.1
      tinyglobby: 0.2.12
      tsconfig-paths: 4.2.0
    optionalDependencies:
      typescript: 5.8.3

  scheduler@0.23.2:
    dependencies:
      loose-envify: 1.4.0

  shebang-command@2.0.0:
    dependencies:
      shebang-regex: 3.0.0

  shebang-regex@3.0.0: {}

  signal-exit@4.1.0: {}

  simple-git-hooks@2.12.1: {}

  stackframe@1.3.4: {}

  string-width@4.2.3:
    dependencies:
      emoji-regex: 8.0.0
      is-fullwidth-code-point: 3.0.0
      strip-ansi: 6.0.1

  string-width@5.1.2:
    dependencies:
      eastasianwidth: 0.2.0
      emoji-regex: 9.2.2
      strip-ansi: 7.1.0

  strip-ansi@6.0.1:
    dependencies:
      ansi-regex: 5.0.1

  strip-ansi@7.1.0:
    dependencies:
      ansi-regex: 6.1.0

  strip-bom@3.0.0: {}

  tinyglobby@0.2.12:
    dependencies:
      fdir: 6.4.3(picomatch@4.0.2)
      picomatch: 4.0.2

  tsconfig-paths@4.2.0:
    dependencies:
      json5: 2.2.3
      minimist: 1.2.8
      strip-bom: 3.0.0

  tslib@2.8.1: {}

  typescript@5.8.3: {}

  undici-types@6.21.0: {}

  which@2.0.2:
    dependencies:
      isexe: 2.0.0

  wrap-ansi@7.0.0:
    dependencies:
      ansi-styles: 4.3.0
      string-width: 4.2.3
      strip-ansi: 6.0.1

  wrap-ansi@8.1.0:
    dependencies:
      ansi-styles: 6.2.1
      string-width: 5.1.2
      strip-ansi: 7.1.0
